
Microsoft Visual Studio Solution File, Format Version 12.00
# Visual Studio 15
VisualStudioVersion = 15.0.28307.779
MinimumVisualStudioVersion = 10.0.40219.1
Project("{FAE04EC0-301F-11D3-BF4B-00C04F79EFBC}") = "Server", "Server\Server.csproj", "{ED48F80C-9F2B-4AEA-9118-CA9EA9A5ADE8}"
EndProject
Project("{FAE04EC0-301F-11D3-BF4B-00C04F79EFBC}") = "WPFClient", "WPFClient\WPFClient.csproj", "{E7D71FF0-2516-4905-A6BB-E56CB3B271BC}"
EndProject
Project("{FAE04EC0-301F-11D3-BF4B-00C04F79EFBC}") = "WFClient", "WFClient\WFClient.csproj", "{D951309E-6727-41B5-8F45-F52955A32584}"
EndProject
Project("{FAE04EC0-301F-11D3-BF4B-00C04F79EFBC}") = "Client", "Client\Client.csproj", "{3AAB5DBD-406B-442B-9405-60392692EBF3}"
EndProject
Project("{FAE04EC0-301F-11D3-BF4B-00C04F79EFBC}") = "ClientCore", "ClientCore\ClientCore.csproj", "{98310313-4B3A-4AC6-B4C5-188D9E31E296}"
EndProject
Project("{FAE04EC0-301F-11D3-BF4B-00C04F79EFBC}") = "UWPClient", "UWPClient\UWPClient.csproj", "{B8A5097D-584C-46CE-91C9-B3DE5AFCE8DA}"
EndProject
Global
	GlobalSection(SolutionConfigurationPlatforms) = preSolution
		Debug|Any CPU = Debug|Any CPU
		Debug|ARM = Debug|ARM
		Debug|ARM64 = Debug|ARM64
		Debug|x64 = Debug|x64
		Debug|x86 = Debug|x86
		Release|Any CPU = Release|Any CPU
		Release|ARM = Release|ARM
		Release|ARM64 = Release|ARM64
		Release|x64 = Release|x64
		Release|x86 = Release|x86
	EndGlobalSection
	GlobalSection(ProjectConfigurationPlatforms) = postSolution
		{ED48F80C-9F2B-4AEA-9118-CA9EA9A5ADE8}.Debug|Any CPU.ActiveCfg = Debug|Any CPU
		{ED48F80C-9F2B-4AEA-9118-CA9EA9A5ADE8}.Debug|Any CPU.Build.0 = Debug|Any CPU
		{ED48F80C-9F2B-4AEA-9118-CA9EA9A5ADE8}.Debug|ARM.ActiveCfg = Debug|Any CPU
		{ED48F80C-9F2B-4AEA-9118-CA9EA9A5ADE8}.Debug|ARM.Build.0 = Debug|Any CPU
		{ED48F80C-9F2B-4AEA-9118-CA9EA9A5ADE8}.Debug|ARM64.ActiveCfg = Debug|Any CPU
		{ED48F80C-9F2B-4AEA-9118-CA9EA9A5ADE8}.Debug|ARM64.Build.0 = Debug|Any CPU
		{ED48F80C-9F2B-4AEA-9118-CA9EA9A5ADE8}.Debug|x64.ActiveCfg = Debug|Any CPU
		{ED48F80C-9F2B-4AEA-9118-CA9EA9A5ADE8}.Debug|x64.Build.0 = Debug|Any CPU
		{ED48F80C-9F2B-4AEA-9118-CA9EA9A5ADE8}.Debug|x86.ActiveCfg = Debug|Any CPU
		{ED48F80C-9F2B-4AEA-9118-CA9EA9A5ADE8}.Debug|x86.Build.0 = Debug|Any CPU
		{ED48F80C-9F2B-4AEA-9118-CA9EA9A5ADE8}.Release|Any CPU.ActiveCfg = Release|Any CPU
		{ED48F80C-9F2B-4AEA-9118-CA9EA9A5ADE8}.Release|Any CPU.Build.0 = Release|Any CPU
		{ED48F80C-9F2B-4AEA-9118-CA9EA9A5ADE8}.Release|ARM.ActiveCfg = Release|Any CPU
		{ED48F80C-9F2B-4AEA-9118-CA9EA9A5ADE8}.Release|ARM.Build.0 = Release|Any CPU
		{ED48F80C-9F2B-4AEA-9118-CA9EA9A5ADE8}.Release|ARM64.ActiveCfg = Release|Any CPU
		{ED48F80C-9F2B-4AEA-9118-CA9EA9A5ADE8}.Release|ARM64.Build.0 = Release|Any CPU
		{ED48F80C-9F2B-4AEA-9118-CA9EA9A5ADE8}.Release|x64.ActiveCfg = Release|Any CPU
		{ED48F80C-9F2B-4AEA-9118-CA9EA9A5ADE8}.Release|x64.Build.0 = Release|Any CPU
		{ED48F80C-9F2B-4AEA-9118-CA9EA9A5ADE8}.Release|x86.ActiveCfg = Release|Any CPU
		{ED48F80C-9F2B-4AEA-9118-CA9EA9A5ADE8}.Release|x86.Build.0 = Release|Any CPU
		{E7D71FF0-2516-4905-A6BB-E56CB3B271BC}.Debug|Any CPU.ActiveCfg = Debug|Any CPU
		{E7D71FF0-2516-4905-A6BB-E56CB3B271BC}.Debug|Any CPU.Build.0 = Debug|Any CPU
		{E7D71FF0-2516-4905-A6BB-E56CB3B271BC}.Debug|ARM.ActiveCfg = Debug|Any CPU
		{E7D71FF0-2516-4905-A6BB-E56CB3B271BC}.Debug|ARM.Build.0 = Debug|Any CPU
		{E7D71FF0-2516-4905-A6BB-E56CB3B271BC}.Debug|ARM64.ActiveCfg = Debug|Any CPU
		{E7D71FF0-2516-4905-A6BB-E56CB3B271BC}.Debug|ARM64.Build.0 = Debug|Any CPU
		{E7D71FF0-2516-4905-A6BB-E56CB3B271BC}.Debug|x64.ActiveCfg = Debug|Any CPU
		{E7D71FF0-2516-4905-A6BB-E56CB3B271BC}.Debug|x64.Build.0 = Debug|Any CPU
		{E7D71FF0-2516-4905-A6BB-E56CB3B271BC}.Debug|x86.ActiveCfg = Debug|Any CPU
		{E7D71FF0-2516-4905-A6BB-E56CB3B271BC}.Debug|x86.Build.0 = Debug|Any CPU
		{E7D71FF0-2516-4905-A6BB-E56CB3B271BC}.Release|Any CPU.ActiveCfg = Release|Any CPU
		{E7D71FF0-2516-4905-A6BB-E56CB3B271BC}.Release|Any CPU.Build.0 = Release|Any CPU
		{E7D71FF0-2516-4905-A6BB-E56CB3B271BC}.Release|ARM.ActiveCfg = Release|Any CPU
		{E7D71FF0-2516-4905-A6BB-E56CB3B271BC}.Release|ARM.Build.0 = Release|Any CPU
		{E7D71FF0-2516-4905-A6BB-E56CB3B271BC}.Release|ARM64.ActiveCfg = Release|Any CPU
		{E7D71FF0-2516-4905-A6BB-E56CB3B271BC}.Release|ARM64.Build.0 = Release|Any CPU
		{E7D71FF0-2516-4905-A6BB-E56CB3B271BC}.Release|x64.ActiveCfg = Release|Any CPU
		{E7D71FF0-2516-4905-A6BB-E56CB3B271BC}.Release|x64.Build.0 = Release|Any CPU
		{E7D71FF0-2516-4905-A6BB-E56CB3B271BC}.Release|x86.ActiveCfg = Release|Any CPU
		{E7D71FF0-2516-4905-A6BB-E56CB3B271BC}.Release|x86.Build.0 = Release|Any CPU
		{D951309E-6727-41B5-8F45-F52955A32584}.Debug|Any CPU.ActiveCfg = Debug|Any CPU
		{D951309E-6727-41B5-8F45-F52955A32584}.Debug|Any CPU.Build.0 = Debug|Any CPU
		{D951309E-6727-41B5-8F45-F52955A32584}.Debug|ARM.ActiveCfg = Debug|Any CPU
		{D951309E-6727-41B5-8F45-F52955A32584}.Debug|ARM.Build.0 = Debug|Any CPU
		{D951309E-6727-41B5-8F45-F52955A32584}.Debug|ARM64.ActiveCfg = Debug|Any CPU
		{D951309E-6727-41B5-8F45-F52955A32584}.Debug|ARM64.Build.0 = Debug|Any CPU
		{D951309E-6727-41B5-8F45-F52955A32584}.Debug|x64.ActiveCfg = Debug|Any CPU
		{D951309E-6727-41B5-8F45-F52955A32584}.Debug|x64.Build.0 = Debug|Any CPU
		{D951309E-6727-41B5-8F45-F52955A32584}.Debug|x86.ActiveCfg = Debug|Any CPU
		{D951309E-6727-41B5-8F45-F52955A32584}.Debug|x86.Build.0 = Debug|Any CPU
		{D951309E-6727-41B5-8F45-F52955A32584}.Release|Any CPU.ActiveCfg = Release|Any CPU
		{D951309E-6727-41B5-8F45-F52955A32584}.Release|Any CPU.Build.0 = Release|Any CPU
		{D951309E-6727-41B5-8F45-F52955A32584}.Release|ARM.ActiveCfg = Release|Any CPU
		{D951309E-6727-41B5-8F45-F52955A32584}.Release|ARM.Build.0 = Release|Any CPU
		{D951309E-6727-41B5-8F45-F52955A32584}.Release|ARM64.ActiveCfg = Release|Any CPU
		{D951309E-6727-41B5-8F45-F52955A32584}.Release|ARM64.Build.0 = Release|Any CPU
		{D951309E-6727-41B5-8F45-F52955A32584}.Release|x64.ActiveCfg = Release|Any CPU
		{D951309E-6727-41B5-8F45-F52955A32584}.Release|x64.Build.0 = Release|Any CPU
		{D951309E-6727-41B5-8F45-F52955A32584}.Release|x86.ActiveCfg = Release|Any CPU
		{D951309E-6727-41B5-8F45-F52955A32584}.Release|x86.Build.0 = Release|Any CPU
		{3AAB5DBD-406B-442B-9405-60392692EBF3}.Debug|Any CPU.ActiveCfg = Debug|Any CPU
		{3AAB5DBD-406B-442B-9405-60392692EBF3}.Debug|Any CPU.Build.0 = Debug|Any CPU
		{3AAB5DBD-406B-442B-9405-60392692EBF3}.Debug|ARM.ActiveCfg = Debug|Any CPU
		{3AAB5DBD-406B-442B-9405-60392692EBF3}.Debug|ARM.Build.0 = Debug|Any CPU
		{3AAB5DBD-406B-442B-9405-60392692EBF3}.Debug|ARM64.ActiveCfg = Debug|Any CPU
		{3AAB5DBD-406B-442B-9405-60392692EBF3}.Debug|ARM64.Build.0 = Debug|Any CPU
		{3AAB5DBD-406B-442B-9405-60392692EBF3}.Debug|x64.ActiveCfg = Debug|Any CPU
		{3AAB5DBD-406B-442B-9405-60392692EBF3}.Debug|x64.Build.0 = Debug|Any CPU
		{3AAB5DBD-406B-442B-9405-60392692EBF3}.Debug|x86.ActiveCfg = Debug|Any CPU
		{3AAB5DBD-406B-442B-9405-60392692EBF3}.Debug|x86.Build.0 = Debug|Any CPU
		{3AAB5DBD-406B-442B-9405-60392692EBF3}.Release|Any CPU.ActiveCfg = Release|Any CPU
		{3AAB5DBD-406B-442B-9405-60392692EBF3}.Release|Any CPU.Build.0 = Release|Any CPU
		{3AAB5DBD-406B-442B-9405-60392692EBF3}.Release|ARM.ActiveCfg = Release|Any CPU
		{3AAB5DBD-406B-442B-9405-60392692EBF3}.Release|ARM.Build.0 = Release|Any CPU
		{3AAB5DBD-406B-442B-9405-60392692EBF3}.Release|ARM64.ActiveCfg = Release|Any CPU
		{3AAB5DBD-406B-442B-9405-60392692EBF3}.Release|ARM64.Build.0 = Release|Any CPU
		{3AAB5DBD-406B-442B-9405-60392692EBF3}.Release|x64.ActiveCfg = Release|Any CPU
		{3AAB5DBD-406B-442B-9405-60392692EBF3}.Release|x64.Build.0 = Release|Any CPU
		{3AAB5DBD-406B-442B-9405-60392692EBF3}.Release|x86.ActiveCfg = Release|Any CPU
		{3AAB5DBD-406B-442B-9405-60392692EBF3}.Release|x86.Build.0 = Release|Any CPU
		{98310313-4B3A-4AC6-B4C5-188D9E31E296}.Debug|Any CPU.ActiveCfg = Debug|Any CPU
		{98310313-4B3A-4AC6-B4C5-188D9E31E296}.Debug|Any CPU.Build.0 = Debug|Any CPU
		{98310313-4B3A-4AC6-B4C5-188D9E31E296}.Debug|ARM.ActiveCfg = Debug|ARM
		{98310313-4B3A-4AC6-B4C5-188D9E31E296}.Debug|ARM.Build.0 = Debug|ARM
		{98310313-4B3A-4AC6-B4C5-188D9E31E296}.Debug|ARM64.ActiveCfg = Debug|ARM64
		{98310313-4B3A-4AC6-B4C5-188D9E31E296}.Debug|ARM64.Build.0 = Debug|ARM64
		{98310313-4B3A-4AC6-B4C5-188D9E31E296}.Debug|x64.ActiveCfg = Debug|x64
		{98310313-4B3A-4AC6-B4C5-188D9E31E296}.Debug|x64.Build.0 = Debug|x64
		{98310313-4B3A-4AC6-B4C5-188D9E31E296}.Debug|x86.ActiveCfg = Debug|x86
		{98310313-4B3A-4AC6-B4C5-188D9E31E296}.Debug|x86.Build.0 = Debug|x86
		{98310313-4B3A-4AC6-B4C5-188D9E31E296}.Release|Any CPU.ActiveCfg = Release|Any CPU
		{98310313-4B3A-4AC6-B4C5-188D9E31E296}.Release|Any CPU.Build.0 = Release|Any CPU
		{98310313-4B3A-4AC6-B4C5-188D9E31E296}.Release|ARM.ActiveCfg = Release|ARM
		{98310313-4B3A-4AC6-B4C5-188D9E31E296}.Release|ARM.Build.0 = Release|ARM
		{98310313-4B3A-4AC6-B4C5-188D9E31E296}.Release|ARM64.ActiveCfg = Release|ARM64
		{98310313-4B3A-4AC6-B4C5-188D9E31E296}.Release|ARM64.Build.0 = Release|ARM64
		{98310313-4B3A-4AC6-B4C5-188D9E31E296}.Release|x64.ActiveCfg = Release|x64
		{98310313-4B3A-4AC6-B4C5-188D9E31E296}.Release|x64.Build.0 = Release|x64
		{98310313-4B3A-4AC6-B4C5-188D9E31E296}.Release|x86.ActiveCfg = Release|x86
		{98310313-4B3A-4AC6-B4C5-188D9E31E296}.Release|x86.Build.0 = Release|x86
		{B8A5097D-584C-46CE-91C9-B3DE5AFCE8DA}.Debug|Any CPU.ActiveCfg = Debug|x86
		{B8A5097D-584C-46CE-91C9-B3DE5AFCE8DA}.Debug|ARM.ActiveCfg = Debug|ARM
		{B8A5097D-584C-46CE-91C9-B3DE5AFCE8DA}.Debug|ARM.Build.0 = Debug|ARM
		{B8A5097D-584C-46CE-91C9-B3DE5AFCE8DA}.Debug|ARM.Deploy.0 = Debug|ARM
		{B8A5097D-584C-46CE-91C9-B3DE5AFCE8DA}.Debug|ARM64.ActiveCfg = Debug|ARM64
		{B8A5097D-584C-46CE-91C9-B3DE5AFCE8DA}.Debug|ARM64.Build.0 = Debug|ARM64
		{B8A5097D-584C-46CE-91C9-B3DE5AFCE8DA}.Debug|ARM64.Deploy.0 = Debug|ARM64
		{B8A5097D-584C-46CE-91C9-B3DE5AFCE8DA}.Debug|x64.ActiveCfg = Debug|x64
		{B8A5097D-584C-46CE-91C9-B3DE5AFCE8DA}.Debug|x64.Build.0 = Debug|x64
		{B8A5097D-584C-46CE-91C9-B3DE5AFCE8DA}.Debug|x64.Deploy.0 = Debug|x64
		{B8A5097D-584C-46CE-91C9-B3DE5AFCE8DA}.Debug|x86.ActiveCfg = Debug|x86
		{B8A5097D-584C-46CE-91C9-B3DE5AFCE8DA}.Debug|x86.Build.0 = Debug|x86
		{B8A5097D-584C-46CE-91C9-B3DE5AFCE8DA}.Debug|x86.Deploy.0 = Debug|x86
		{B8A5097D-584C-46CE-91C9-B3DE5AFCE8DA}.Release|Any CPU.ActiveCfg = Release|x86
		{B8A5097D-584C-46CE-91C9-B3DE5AFCE8DA}.Release|ARM.ActiveCfg = Release|ARM
		{B8A5097D-584C-46CE-91C9-B3DE5AFCE8DA}.Release|ARM.Build.0 = Release|ARM
		{B8A5097D-584C-46CE-91C9-B3DE5AFCE8DA}.Release|ARM.Deploy.0 = Release|ARM
		{B8A5097D-584C-46CE-91C9-B3DE5AFCE8DA}.Release|ARM64.ActiveCfg = Release|ARM64
		{B8A5097D-584C-46CE-91C9-B3DE5AFCE8DA}.Release|ARM64.Build.0 = Release|ARM64
		{B8A5097D-584C-46CE-91C9-B3DE5AFCE8DA}.Release|ARM64.Deploy.0 = Release|ARM64
		{B8A5097D-584C-46CE-91C9-B3DE5AFCE8DA}.Release|x64.ActiveCfg = Release|x64
		{B8A5097D-584C-46CE-91C9-B3DE5AFCE8DA}.Release|x64.Build.0 = Release|x64
		{B8A5097D-584C-46CE-91C9-B3DE5AFCE8DA}.Release|x64.Deploy.0 = Release|x64
		{B8A5097D-584C-46CE-91C9-B3DE5AFCE8DA}.Release|x86.ActiveCfg = Release|x86
		{B8A5097D-584C-46CE-91C9-B3DE5AFCE8DA}.Release|x86.Build.0 = Release|x86
		{B8A5097D-584C-46CE-91C9-B3DE5AFCE8DA}.Release|x86.Deploy.0 = Release|x86
	EndGlobalSection
	GlobalSection(SolutionProperties) = preSolution
		HideSolutionNode = FALSE
	EndGlobalSection
	GlobalSection(ExtensibilityGlobals) = postSolution
		SolutionGuid = {0052D35B-66F6-4C90-AB8B-606153BF730C}
	EndGlobalSection
EndGlobal
